{
    "_readme": [
        "This file locks the dependencies of your project to a known state",
        "Read more about it at http://getcomposer.org/doc/01-basic-usage.md#composer-lock-the-lock-file",
        "This file is @generated automatically"
    ],
    "hash": "75966e2a4a3d12ece28f1b63bdcc244f",
    "packages": [],
    "packages-dev": [
        {
            "name": "antecedent/patchwork",
            "version": "1.3.2",
            "source": {
                "type": "git",
                "url": "https://github.com/antecedent/patchwork.git",
                "reference": "df2b07726c48bcee247faa9053b5e46f4c3ee729"
            },
            "dist": {
                "type": "zip",
                "url": "https://api.github.com/repos/antecedent/patchwork/zipball/df2b07726c48bcee247faa9053b5e46f4c3ee729",
                "reference": "df2b07726c48bcee247faa9053b5e46f4c3ee729",
                "shasum": ""
            },
            "require": {
                "php": ">=5.3.0"
            },
            "type": "library",
            "notification-url": "https://packagist.org/downloads/",
            "license": [
                "MIT"
            ],
            "authors": [
                {
                    "name": "Ignas Rudaitis",
                    "email": "ignas.rudaitis@gmail.com"
                }
            ],
            "description": "A pure PHP library that lets you redefine user-defined functions at runtime.",
            "homepage": "http://antecedent.github.io/patchwork/",
            "keywords": [
                "aop",
                "aspect",
                "interception",
                "monkeypatching",
                "redefinition",
                "runkit",
                "testing"
            ],
            "time": "2014-08-07 17:48:26"
        },
        {
            "name": "emagister/selenium-server",
            "version": "v2.43.1",
            "source": {
                "type": "git",
                "url": "https://github.com/tilibom/selenium-server.git",
                "reference": "734596b0773da72bb6d51a5422171db8305292d4"
            },
            "dist": {
                "type": "zip",
                "url": "https://api.github.com/repos/tilibom/selenium-server/zipball/734596b0773da72bb6d51a5422171db8305292d4",
                "reference": "734596b0773da72bb6d51a5422171db8305292d4",
                "shasum": ""
            },
            "bin": [
                "bin/selenium-server.jar"
            ],
            "type": "libtary",
            "notification-url": "https://packagist.org/downloads/",
            "license": [
                "MIT"
            ],
            "authors": [
                {
                    "name": "Artem Loginov",
                    "email": "aloginov@emagister.com"
                }
            ],
            "description": "Composer distribution of Selenium Server Standalone, the browser automation framework.",
            "homepage": "http://github.com/Emagister/selenium-server",
            "keywords": [
                "functional testing",
                "selenium",
                "selenium-server",
                "selenium-server-standalone",
                "testing"
            ],
            "time": "2014-09-16 14:56:23"
        },
        {
            "name": "facebook/webdriver",
            "version": "dev-master",
            "source": {
                "type": "git",
                "url": "https://github.com/facebook/php-webdriver.git",
                "reference": "11c7bc5c73a0ee7a658ea1c8b5ac3a06a8ce6970"
            },
            "dist": {
                "type": "zip",
                "url": "https://api.github.com/repos/facebook/php-webdriver/zipball/11c7bc5c73a0ee7a658ea1c8b5ac3a06a8ce6970",
                "reference": "11c7bc5c73a0ee7a658ea1c8b5ac3a06a8ce6970",
                "shasum": ""
            },
            "require": {
                "php": ">=5.3.19"
            },
            "require-dev": {
                "phpdocumentor/phpdocumentor": "2.*",
                "phpunit/phpunit": "3.7.*"
            },
            "type": "library",
            "autoload": {
                "classmap": [
                    "lib/"
                ]
            },
            "notification-url": "https://packagist.org/downloads/",
            "license": [
                "Apache-2.0"
            ],
            "description": "A php client for WebDriver",
            "homepage": "https://github.com/facebook/php-webdriver",
            "keywords": [
                "facebook",
                "php",
                "selenium",
                "webdriver"
            ],
            "time": "2014-11-10 17:54:21"
        },
        {
            "name": "farinspace/dryrun",
            "version": "dev-master",
            "source": {
                "type": "git",
                "url": "https://github.com/farinspace/dryrun.git",
                "reference": "b7385ab23b93eb75a4a398e7c7f5aa8fd78b01fb"
            },
            "dist": {
                "type": "zip",
                "url": "https://api.github.com/repos/farinspace/dryrun/zipball/b7385ab23b93eb75a4a398e7c7f5aa8fd78b01fb",
                "reference": "b7385ab23b93eb75a4a398e7c7f5aa8fd78b01fb",
                "shasum": ""
            },
            "require": {
                "antecedent/patchwork": "~1.3",
                "php": ">=5.3.0"
            },
            "type": "library",
            "autoload": {
                "psr-4": {
                    "DryRun\\": "src/",
                    "": "src/"
                }
            },
            "license": [
                "MIT"
            ],
            "authors": [
                {
                    "name": "Dimas Begunoff",
                    "email": "dbegunoff@gmail.com"
                }
            ],
            "description": "Gather intel on user-defined functions at runtime",
            "homepage": "https://github.com/farinspace/dryrun",
            "keywords": [
                "interception",
                "monkeypatching",
                "redefinition",
                "runkit",
                "testing",
                "unit test"
            ],
            "support": {
                "source": "https://github.com/farinspace/dryrun/tree/master",
                "issues": "https://github.com/farinspace/dryrun/issues"
            },
            "time": "2014-11-19 07:50:12"
        },
        {
            "name": "mockery/mockery",
            "version": "dev-master",
            "source": {
                "type": "git",
                "url": "https://github.com/padraic/mockery.git",
                "reference": "4055c0e8577dfbc841fd384797487ff3fc75afff"
            },
            "dist": {
                "type": "zip",
                "url": "https://api.github.com/repos/padraic/mockery/zipball/4055c0e8577dfbc841fd384797487ff3fc75afff",
                "reference": "4055c0e8577dfbc841fd384797487ff3fc75afff",
                "shasum": ""
            },
            "require": {
                "lib-pcre": ">=7.0",
                "php": ">=5.3.2"
            },
            "require-dev": {
                "hamcrest/hamcrest-php": "~1.1",
                "phpunit/phpunit": "~4.0",
                "satooshi/php-coveralls": "~0.7@dev"
            },
            "type": "library",
            "extra": {
                "branch-alias": {
                    "dev-master": "0.9.x-dev"
                }
            },
            "autoload": {
                "psr-0": {
                    "Mockery": "library/"
                }
            },
            "notification-url": "https://packagist.org/downloads/",
            "license": [
                "BSD-3-Clause"
            ],
            "authors": [
                {
                    "name": "Pádraic Brady",
                    "email": "padraic.brady@gmail.com",
                    "homepage": "http://blog.astrumfutura.com"
                },
                {
                    "name": "Dave Marshall",
                    "email": "dave.marshall@atstsolutions.co.uk",
                    "homepage": "http://davedevelopment.co.uk"
                }
            ],
            "description": "Mockery is a simple yet flexible PHP mock object framework for use in unit testing with PHPUnit, PHPSpec or any other testing framework. Its core goal is to offer a test double framework with a succint API capable of clearly defining all possible object operations and interactions using a human readable Domain Specific Language (DSL). Designed as a drop in alternative to PHPUnit's phpunit-mock-objects library, Mockery is easy to integrate with PHPUnit and can operate alongside phpunit-mock-objects without the World ending.",
            "homepage": "http://github.com/padraic/mockery",
            "keywords": [
                "BDD",
                "TDD",
                "library",
                "mock",
                "mock objects",
                "mockery",
                "stub",
                "test",
                "test double",
                "testing"
            ],
            "time": "2014-11-18 13:37:25"
        }
    ],
    "aliases": [],
    "minimum-stability": "stable",
    "stability-flags": {
        "mockery/mockery": 20,
        "facebook/webdriver": 20,
        "farinspace/dryrun": 20
    },
    "prefer-stable": false,
    "platform": [],
    "platform-dev": []
}
